
Microsoft Visual Studio Solution File, Format Version 12.00
# Visual Studio 15
VisualStudioVersion = 15.0.26206.0
MinimumVisualStudioVersion = 10.0.40219.1
Project("{FAE04EC0-301F-11D3-BF4B-00C04F79EFBC}") = "ElertanCheatBase", "ElertanCheatBase\ElertanCheatBase.csproj", "{9289F403-C66F-46A9-A835-07E539B395D8}"
EndProject
Project("{FAE04EC0-301F-11D3-BF4B-00C04F79EFBC}") = "ElertanCheatBase.Payload", "ElertanCheatBase.Payload\ElertanCheatBase.Payload.csproj", "{70389732-07B3-4416-8DE6-CC835B10C1F9}"
EndProject
Project("{FAE04EC0-301F-11D3-BF4B-00C04F79EFBC}") = "ElertanCheatBase.Tester", "ElertanCheatBase.Tester\ElertanCheatBase.Tester.csproj", "{32EC18E4-183F-48CA-82E5-BE46E7B2562A}"
EndProject
Project("{FAE04EC0-301F-11D3-BF4B-00C04F79EFBC}") = "ElertanCheatBase.Tester.Payload", "ElertanCheatBase.Tester.Payload\ElertanCheatBase.Tester.Payload.csproj", "{C7847BBA-8389-4865-B6B1-156F7BFC6D9C}"
EndProject
Global
	GlobalSection(SolutionConfigurationPlatforms) = preSolution
		Debug|Any CPU = Debug|Any CPU
		Release|Any CPU = Release|Any CPU
	EndGlobalSection
	GlobalSection(ProjectConfigurationPlatforms) = postSolution
		{9289F403-C66F-46A9-A835-07E539B395D8}.Debug|Any CPU.ActiveCfg = Debug|Any CPU
		{9289F403-C66F-46A9-A835-07E539B395D8}.Debug|Any CPU.Build.0 = Debug|Any CPU
		{9289F403-C66F-46A9-A835-07E539B395D8}.Release|Any CPU.ActiveCfg = Release|Any CPU
		{9289F403-C66F-46A9-A835-07E539B395D8}.Release|Any CPU.Build.0 = Release|Any CPU
		{70389732-07B3-4416-8DE6-CC835B10C1F9}.Debug|Any CPU.ActiveCfg = Debug|Any CPU
		{70389732-07B3-4416-8DE6-CC835B10C1F9}.Debug|Any CPU.Build.0 = Debug|Any CPU
		{70389732-07B3-4416-8DE6-CC835B10C1F9}.Release|Any CPU.ActiveCfg = Release|Any CPU
		{70389732-07B3-4416-8DE6-CC835B10C1F9}.Release|Any CPU.Build.0 = Release|Any CPU
		{32EC18E4-183F-48CA-82E5-BE46E7B2562A}.Debug|Any CPU.ActiveCfg = Debug|Any CPU
		{32EC18E4-183F-48CA-82E5-BE46E7B2562A}.Debug|Any CPU.Build.0 = Debug|Any CPU
		{32EC18E4-183F-48CA-82E5-BE46E7B2562A}.Release|Any CPU.ActiveCfg = Release|Any CPU
		{32EC18E4-183F-48CA-82E5-BE46E7B2562A}.Release|Any CPU.Build.0 = Release|Any CPU
		{C7847BBA-8389-4865-B6B1-156F7BFC6D9C}.Debug|Any CPU.ActiveCfg = Debug|Any CPU
		{C7847BBA-8389-4865-B6B1-156F7BFC6D9C}.Debug|Any CPU.Build.0 = Debug|Any CPU
		{C7847BBA-8389-4865-B6B1-156F7BFC6D9C}.Release|Any CPU.ActiveCfg = Release|Any CPU
		{C7847BBA-8389-4865-B6B1-156F7BFC6D9C}.Release|Any CPU.Build.0 = Release|Any CPU
	EndGlobalSection
	GlobalSection(SolutionProperties) = preSolution
		HideSolutionNode = FALSE
	EndGlobalSection
EndGlobal
